
Microsoft Visual Studio Solution File, Format Version 12.00
# Visual Studio 2012
Project("{FAE04EC0-301F-11D3-BF4B-00C04F79EFBC}") = "Bearing Machine", "Bearing Machine\Bearing Machine.csproj", "{ADC175E9-D926-4FB0-87F9-E5099D6C806C}"
EndProject
Global
	GlobalSection(SolutionConfigurationPlatforms) = preSolution
		Debug|Any CPU = Debug|Any CPU
		Release|Any CPU = Release|Any CPU
	EndGlobalSection
	GlobalSection(ProjectConfigurationPlatforms) = postSolution
		{ADC175E9-D926-4FB0-87F9-E5099D6C806C}.Debug|Any CPU.ActiveCfg = Debug|Any CPU
		{ADC175E9-D926-4FB0-87F9-E5099D6C806C}.Debug|Any CPU.Build.0 = Debug|Any CPU
		{ADC175E9-D926-4FB0-87F9-E5099D6C806C}.Release|Any CPU.ActiveCfg = Release|Any CPU
		{ADC175E9-D926-4FB0-87F9-E5099D6C806C}.Release|Any CPU.Build.0 = Release|Any CPU
	EndGlobalSection
	GlobalSection(SolutionProperties) = preSolution
		HideSolutionNode = FALSE
	EndGlobalSection
EndGlobal
